
Microsoft Visual Studio Solution File, Format Version 12.00
# Visual Studio Version 16
VisualStudioVersion = 16.0.31702.278
MinimumVisualStudioVersion = 10.0.40219.1
Project("{FAE04EC0-301F-11D3-BF4B-00C04F79EFBC}") = "CS162 Project 1 - Tonacao", "CS162 Project 1 - Tonacao.csproj", "{AE959907-DECD-4619-8BF5-DF7F6F1CE94C}"
EndProject
Global
	GlobalSection(SolutionConfigurationPlatforms) = preSolution
		Debug|Any CPU = Debug|Any CPU
		Release|Any CPU = Release|Any CPU
	EndGlobalSection
	GlobalSection(ProjectConfigurationPlatforms) = postSolution
		{AE959907-DECD-4619-8BF5-DF7F6F1CE94C}.Debug|Any CPU.ActiveCfg = Debug|Any CPU
		{AE959907-DECD-4619-8BF5-DF7F6F1CE94C}.Debug|Any CPU.Build.0 = Debug|Any CPU
		{AE959907-DECD-4619-8BF5-DF7F6F1CE94C}.Release|Any CPU.ActiveCfg = Release|Any CPU
		{AE959907-DECD-4619-8BF5-DF7F6F1CE94C}.Release|Any CPU.Build.0 = Release|Any CPU
	EndGlobalSection
	GlobalSection(SolutionProperties) = preSolution
		HideSolutionNode = FALSE
	EndGlobalSection
	GlobalSection(ExtensibilityGlobals) = postSolution
		SolutionGuid = {44C81B22-F32E-4FB2-978A-06B9270525DF}
	EndGlobalSection
EndGlobal
